{
  "version": "5",
  "specifiers": {
    "jsr:@std/fs@^1.0.20": "1.0.20",
    "jsr:@std/internal@^1.0.12": "1.0.12",
    "jsr:@std/path@^1.1.3": "1.1.3",
    "npm:@types/markdown-it@^14.1.2": "14.1.2",
    "npm:highlight.js@^11.11.1": "11.11.1",
    "npm:markdown-it-highlightjs@^4.2.0": "4.2.0",
    "npm:markdown-it@^14.1.0": "14.1.0",
    "npm:zod@^4.2.0": "4.2.0"
  },
  "jsr": {
    "@std/fs@1.0.20": {
      "integrity": "e953206aae48d46ee65e8783ded459f23bec7dd1f3879512911c35e5484ea187",
      "dependencies": [
        "jsr:@std/internal",
        "jsr:@std/path"
      ]
    },
    "@std/internal@1.0.12": {
      "integrity": "972a634fd5bc34b242024402972cd5143eac68d8dffaca5eaa4dba30ce17b027"
    },
    "@std/path@1.1.3": {
      "integrity": "b015962d82a5e6daea980c32b82d2c40142149639968549c649031a230b1afb3",
      "dependencies": [
        "jsr:@std/internal"
      ]
    }
  },
  "npm": {
    "@types/linkify-it@5.0.0": {
      "integrity": "sha512-sVDA58zAw4eWAffKOaQH5/5j3XeayukzDk+ewSsnv3p4yJEZHCCzMDiZM8e0OUrRvmpGZ85jf4yDHkHsgBNr9Q=="
    },
    "@types/markdown-it@14.1.2": {
      "integrity": "sha512-promo4eFwuiW+TfGxhi+0x3czqTYJkG8qB17ZUJiVF10Xm7NLVRSLUsfRTU/6h1e24VvRnXCx+hG7li58lkzog==",
      "dependencies": [
        "@types/linkify-it",
        "@types/mdurl"
      ]
    },
    "@types/mdurl@2.0.0": {
      "integrity": "sha512-RGdgjQUZba5p6QEFAVx2OGb8rQDL/cPRG7GiedRzMcJ1tYnUANBncjbSB1NRGwbvjcPeikRABz2nshyPk1bhWg=="
    },
    "argparse@2.0.1": {
      "integrity": "sha512-8+9WqebbFzpX9OR+Wa6O29asIogeRMzcGtAINdpMHHyAg10f05aSFVBbcEqGf/PXw1EjAZ+q2/bEBg3DvurK3Q=="
    },
    "entities@4.5.0": {
      "integrity": "sha512-V0hjH4dGPh9Ao5p0MoRY6BVqtwCjhz6vI5LT8AJ55H+4g9/4vbHx1I54fS0XuclLhDHArPQCiMjDxjaL8fPxhw=="
    },
    "highlight.js@11.11.1": {
      "integrity": "sha512-Xwwo44whKBVCYoliBQwaPvtd/2tYFkRQtXDWj1nackaV2JPXx3L0+Jvd8/qCJ2p+ML0/XVkJ2q+Mr+UVdpJK5w=="
    },
    "linkify-it@5.0.0": {
      "integrity": "sha512-5aHCbzQRADcdP+ATqnDuhhJ/MRIqDkZX5pyjFHRRysS8vZ5AbqGEoFIb6pYHPZ+L/OC2Lc+xT8uHVVR5CAK/wQ==",
      "dependencies": [
        "uc.micro"
      ]
    },
    "markdown-it-highlightjs@4.2.0": {
      "integrity": "sha512-NC7pXE8KkOl6xWJVRNt8p6wgJVznXKsE0HgYGdk6DD2tn1l4L9f0ALf3VIoGVkotNU1uGQatSxfBF1zZPUMmuQ==",
      "dependencies": [
        "highlight.js"
      ]
    },
    "markdown-it@14.1.0": {
      "integrity": "sha512-a54IwgWPaeBCAAsv13YgmALOF1elABB08FxO9i+r4VFk5Vl4pKokRPeX8u5TCgSsPi6ec1otfLjdOpVcgbpshg==",
      "dependencies": [
        "argparse",
        "entities",
        "linkify-it",
        "mdurl",
        "punycode.js",
        "uc.micro"
      ],
      "bin": true
    },
    "mdurl@2.0.0": {
      "integrity": "sha512-Lf+9+2r+Tdp5wXDXC4PcIBjTDtq4UKjCPMQhKIuzpJNW0b96kVqSwW0bT7FhRSfmAiFYgP+SCRvdrDozfh0U5w=="
    },
    "punycode.js@2.3.1": {
      "integrity": "sha512-uxFIHU0YlHYhDQtV4R9J6a52SLx28BCjT+4ieh7IGbgwVJWO+km431c4yRlREUAsAmt/uMjQUyQHNEPf0M39CA=="
    },
    "uc.micro@2.1.0": {
      "integrity": "sha512-ARDJmphmdvUk6Glw7y9DQ2bFkKBHwQHLi2lsaH6PPmz/Ka9sFOBsBluozhDltWmnv9u/cF6Rt87znRTPV+yp/A=="
    },
    "zod@4.2.0": {
      "integrity": "sha512-Bd5fw9wlIhtqCCxotZgdTOMwGm1a0u75wARVEY9HMs1X17trvA/lMi4+MGK5EUfYkXVTbX8UDiDKW4OgzHVUZw=="
    }
  },
  "workspace": {
    "dependencies": [
      "jsr:@std/fs@^1.0.20",
      "jsr:@std/path@^1.1.3",
      "npm:@types/markdown-it@^14.1.2",
      "npm:markdown-it-highlightjs@^4.2.0",
      "npm:markdown-it@^14.1.0",
      "npm:zod@^4.2.0"
    ]
  }
}
