# This file is generated by running "yarn install" inside your project.
# Manual changes might be lost - proceed with caution!

__metadata:
  version: 8
  cacheKey: 10c0

"@types/fs-extra@npm:^9.0.11":
  version: 9.0.13
  resolution: "@types/fs-extra@npm:9.0.13"
  dependencies:
    "@types/node": "npm:*"
  checksum: 10c0/576d4e9d382393316ed815c593f7f5c157408ec5e184521d077fcb15d514b5a985245f153ef52142b9b976cb9bd8f801850d51238153ebd0dc9e96b7a7548588
  languageName: node
  linkType: hard

"@types/node@npm:*":
  version: 22.13.1
  resolution: "@types/node@npm:22.13.1"
  dependencies:
    undici-types: "npm:~6.20.0"
  checksum: 10c0/d4e56d41d8bd53de93da2651c0a0234e330bd7b1b6d071b1a94bd3b5ee2d9f387519e739c52a15c1faa4fb9d97e825b848421af4b2e50e6518011e7adb4a34b7
  languageName: node
  linkType: hard

"@types/node@npm:^14.14.41":
  version: 14.18.63
  resolution: "@types/node@npm:14.18.63"
  checksum: 10c0/626a371419a6a0e11ca460b22bb4894abe5d75c303739588bc96267e380aa8b90ba5a87bc552400584f0ac2a84b5c458dadcbcf0dfd2396ebeb765f7a7f95893
  languageName: node
  linkType: hard

"at-least-node@npm:^1.0.0":
  version: 1.0.0
  resolution: "at-least-node@npm:1.0.0"
  checksum: 10c0/4c058baf6df1bc5a1697cf182e2029c58cd99975288a13f9e70068ef5d6f4e1f1fd7c4d2c3c4912eae44797d1725be9700995736deca441b39f3e66d8dee97ef
  languageName: node
  linkType: hard

"esbuild@npm:^0.11.11":
  version: 0.11.23
  resolution: "esbuild@npm:0.11.23"
  bin:
    esbuild: bin/esbuild
  checksum: 10c0/e0796804ac8077337cad5cc1d782daedec2df03775bbb93076a0866c94d083f70946b8ad2258c87e9bac5e0267459e8ff7eb7ec19429c01880fe664032cf8071
  languageName: node
  linkType: hard

"fs-extra@npm:^9.1.0":
  version: 9.1.0
  resolution: "fs-extra@npm:9.1.0"
  dependencies:
    at-least-node: "npm:^1.0.0"
    graceful-fs: "npm:^4.2.0"
    jsonfile: "npm:^6.0.1"
    universalify: "npm:^2.0.0"
  checksum: 10c0/9b808bd884beff5cb940773018179a6b94a966381d005479f00adda6b44e5e3d4abf765135773d849cc27efe68c349e4a7b86acd7d3306d5932c14f3a4b17a92
  languageName: node
  linkType: hard

"graceful-fs@npm:^4.1.6, graceful-fs@npm:^4.2.0":
  version: 4.2.11
  resolution: "graceful-fs@npm:4.2.11"
  checksum: 10c0/386d011a553e02bc594ac2ca0bd6d9e4c22d7fa8cfbfc448a6d148c59ea881b092db9dbe3547ae4b88e55f1b01f7c4a2ecc53b310c042793e63aa44cf6c257f2
  languageName: node
  linkType: hard

"jsonfile@npm:^6.0.1":
  version: 6.1.0
  resolution: "jsonfile@npm:6.1.0"
  dependencies:
    graceful-fs: "npm:^4.1.6"
    universalify: "npm:^2.0.0"
  dependenciesMeta:
    graceful-fs:
      optional: true
  checksum: 10c0/4f95b5e8a5622b1e9e8f33c96b7ef3158122f595998114d1e7f03985649ea99cb3cd99ce1ed1831ae94c8c8543ab45ebd044207612f31a56fd08462140e46865
  languageName: node
  linkType: hard

"linkshelf@workspace:.":
  version: 0.0.0-use.local
  resolution: "linkshelf@workspace:."
  dependencies:
    "@types/fs-extra": "npm:^9.0.11"
    "@types/node": "npm:^14.14.41"
    esbuild: "npm:^0.11.11"
    fs-extra: "npm:^9.1.0"
    prettier: "npm:^2.2.1"
  bin:
    linkshelf: dist/main.js
  languageName: unknown
  linkType: soft

"prettier@npm:^2.2.1":
  version: 2.8.8
  resolution: "prettier@npm:2.8.8"
  bin:
    prettier: bin-prettier.js
  checksum: 10c0/463ea8f9a0946cd5b828d8cf27bd8b567345cf02f56562d5ecde198b91f47a76b7ac9eae0facd247ace70e927143af6135e8cf411986b8cb8478784a4d6d724a
  languageName: node
  linkType: hard

"undici-types@npm:~6.20.0":
  version: 6.20.0
  resolution: "undici-types@npm:6.20.0"
  checksum: 10c0/68e659a98898d6a836a9a59e6adf14a5d799707f5ea629433e025ac90d239f75e408e2e5ff086afc3cace26f8b26ee52155293564593fbb4a2f666af57fc59bf
  languageName: node
  linkType: hard

"universalify@npm:^2.0.0":
  version: 2.0.1
  resolution: "universalify@npm:2.0.1"
  checksum: 10c0/73e8ee3809041ca8b818efb141801a1004e3fc0002727f1531f4de613ea281b494a40909596dae4a042a4fb6cd385af5d4db2e137b1362e0e91384b828effd3a
  languageName: node
  linkType: hard
